<?xml version="1.0" encoding="utf-8"?>
<Project ToolsVersion="4.0" xmlns="http://schemas.microsoft.com/developer/msbuild/2003">
  <ItemGroup>
    <Filter Include="hu">
      <UniqueIdentifier>{4dff03c7-1ed3-40ea-94e4-b14cd64e7c2d}</UniqueIdentifier>
    </Filter>
    <Filter Include="hu\test">
      <UniqueIdentifier>{b9ccf897-821e-448e-9c22-7ee8b06c6e56}</UniqueIdentifier>
    </Filter>
    <Filter Include="hu\pattern">
      <UniqueIdentifier>{e431c346-27f9-40ca-a5e6-c2d0a0a9d95d}</UniqueIdentifier>
    </Filter>
    <Filter Include="hu\io">
      <UniqueIdentifier>{ab35f6ab-05d9-4dea-a9e5-4a54429ea15b}</UniqueIdentifier>
    </Filter>
    <Filter Include="hu\time">
      <UniqueIdentifier>{1da2e529-edb9-4442-8847-0cc46c95457e}</UniqueIdentifier>
    </Filter>
    <Filter Include="hu\container">
      <UniqueIdentifier>{e87210ec-e43c-4100-93a9-f57cf95312ce}</UniqueIdentifier>
    </Filter>
    <Filter Include="hu\log">
      <UniqueIdentifier>{3622ea21-385a-4cdd-96af-b035a4bc878b}</UniqueIdentifier>
    </Filter>
    <Filter Include="hu\serial">
      <UniqueIdentifier>{5706403c-3f28-49af-976e-f3445cd77b9d}</UniqueIdentifier>
    </Filter>
    <Filter Include="hu\net">
      <UniqueIdentifier>{c061097b-9612-4343-9d4e-0341efb943dc}</UniqueIdentifier>
    </Filter>
    <Filter Include="hu\net\impl">
      <UniqueIdentifier>{2fbe94ab-01a2-477d-9eab-7bb016687bbf}</UniqueIdentifier>
    </Filter>
    <Filter Include="hu\net\impl\asio">
      <UniqueIdentifier>{3f2e18c9-e69d-4381-a8d9-c2cf99d72c0f}</UniqueIdentifier>
    </Filter>
    <Filter Include="hu\container\impl">
      <UniqueIdentifier>{53ad07f4-b5e7-42af-a612-7bf1185b5db9}</UniqueIdentifier>
    </Filter>
    <Filter Include="hu\log\impl">
      <UniqueIdentifier>{4a150ae3-ad45-48cb-9d66-382ff8585e0d}</UniqueIdentifier>
    </Filter>
    <Filter Include="hu\serial\impl">
      <UniqueIdentifier>{c27cc8cd-167b-41ff-951f-f428c873f0ea}</UniqueIdentifier>
    </Filter>
    <Filter Include="hu\test\echo">
      <UniqueIdentifier>{bdabeb98-8079-410e-ad6b-93369277db44}</UniqueIdentifier>
    </Filter>
    <Filter Include="hu\crypt">
      <UniqueIdentifier>{09d92ca2-dd64-446d-b627-eda0dab4a84e}</UniqueIdentifier>
    </Filter>
    <Filter Include="hu\rand">
      <UniqueIdentifier>{708729f1-0d98-4334-aeee-08245edfcda0}</UniqueIdentifier>
    </Filter>
    <Filter Include="hu\crypt\impl">
      <UniqueIdentifier>{151ae1b8-ce22-4797-9795-52c692b47cc0}</UniqueIdentifier>
    </Filter>
    <Filter Include="hu\test\chat">
      <UniqueIdentifier>{a3f2d734-1547-48eb-bba3-b6f5ecf176cc}</UniqueIdentifier>
    </Filter>
    <Filter Include="hu\db">
      <UniqueIdentifier>{76d7655c-9b1e-4b21-a9ae-7294c68fb0e0}</UniqueIdentifier>
    </Filter>
    <Filter Include="hu\db\local">
      <UniqueIdentifier>{1d2c8ec5-7b97-493f-b700-163222d1e33f}</UniqueIdentifier>
    </Filter>
    <Filter Include="hu\db\local\impl">
      <UniqueIdentifier>{ec77c27e-c663-4910-952e-2155396e284c}</UniqueIdentifier>
    </Filter>
    <Filter Include="hu\test\impl">
      <UniqueIdentifier>{9b16a719-454a-4868-92af-848396fddfb5}</UniqueIdentifier>
    </Filter>
    <Filter Include="_doc">
      <UniqueIdentifier>{9df06c9c-c2fa-4ef3-a426-93597f16c48d}</UniqueIdentifier>
    </Filter>
    <Filter Include="_external">
      <UniqueIdentifier>{7456c8be-0eeb-4516-ac60-2a1ab5306aed}</UniqueIdentifier>
    </Filter>
    <Filter Include="hu\amqp">
      <UniqueIdentifier>{b8f95ff9-8d88-4ce3-b219-8c832b83375e}</UniqueIdentifier>
    </Filter>
    <Filter Include="hu\amqp\impl">
      <UniqueIdentifier>{6c98719d-5795-408f-895e-b5b219d7c4a1}</UniqueIdentifier>
    </Filter>
    <Filter Include="hu\net\client">
      <UniqueIdentifier>{1f6218b7-44e0-4fa4-8c0a-6660737c374f}</UniqueIdentifier>
    </Filter>
    <Filter Include="hu\net\server">
      <UniqueIdentifier>{446e5daf-9286-456f-9390-d66145c79ba8}</UniqueIdentifier>
    </Filter>
    <Filter Include="hu\net\header">
      <UniqueIdentifier>{65262aef-5d90-44de-8919-cf0c7e0aa6a3}</UniqueIdentifier>
    </Filter>
    <Filter Include="hu\net\connection">
      <UniqueIdentifier>{d78cef13-b31b-4630-bca3-d8987d1096d3}</UniqueIdentifier>
    </Filter>
    <Filter Include="hu\test\stress">
      <UniqueIdentifier>{2fde9308-ee9c-4c42-9499-2fb797596bb1}</UniqueIdentifier>
    </Filter>
    <Filter Include="hu\system">
      <UniqueIdentifier>{0c217d35-28d4-4f0b-8e0c-a4409cb12745}</UniqueIdentifier>
    </Filter>
    <Filter Include="hu\system\impl">
      <UniqueIdentifier>{f5daa85a-37e7-4db5-9e27-f51fefce5476}</UniqueIdentifier>
    </Filter>
    <Filter Include="hu\db\nosql">
      <UniqueIdentifier>{fccaa0c7-cc89-44cf-ae37-8f54019dc337}</UniqueIdentifier>
    </Filter>
    <Filter Include="hu\db\nosql\impl">
      <UniqueIdentifier>{22c3361a-9ba0-4348-8ab1-acdcf0f40236}</UniqueIdentifier>
    </Filter>
    <Filter Include="_external\yas">
      <UniqueIdentifier>{7ffd33ed-9b87-4647-a436-a70d58276a95}</UniqueIdentifier>
    </Filter>
    <Filter Include="_external\yas\detail">
      <UniqueIdentifier>{163f6551-4ad6-42f2-8403-8ff8b4fc31a9}</UniqueIdentifier>
    </Filter>
    <Filter Include="_external\yas\detail\io">
      <UniqueIdentifier>{b66b82e3-4506-4d09-84df-27d5385fc1f9}</UniqueIdentifier>
    </Filter>
    <Filter Include="hu\db\rdb">
      <UniqueIdentifier>{79248630-a558-4ed4-b7ba-16286b316d54}</UniqueIdentifier>
    </Filter>
    <Filter Include="hu\db\rdb\impl">
      <UniqueIdentifier>{143374de-394a-4b28-85b5-c34fe0ed02c7}</UniqueIdentifier>
    </Filter>
    <Filter Include="hu\test\game">
      <UniqueIdentifier>{41d2dc36-85b7-4590-8506-e78ba3f2161a}</UniqueIdentifier>
    </Filter>
  </ItemGroup>
  <ItemGroup>
    <ClCompile Include="hu\test\TestStart.ixx">
      <Filter>hu\test</Filter>
    </ClCompile>
    <ClCompile Include="hu\Type.ixx">
      <Filter>hu</Filter>
    </ClCompile>
    <ClCompile Include="hu\pattern\ISingleton.ixx">
      <Filter>hu\pattern</Filter>
    </ClCompile>
    <ClCompile Include="hu\pattern\ISingletonShare.ixx">
      <Filter>hu\pattern</Filter>
    </ClCompile>
    <ClCompile Include="hu\io\Console.ixx">
      <Filter>hu\io</Filter>
    </ClCompile>
    <ClCompile Include="hu\time\Timer.ixx">
      <Filter>hu\time</Filter>
    </ClCompile>
    <ClCompile Include="hu\Util.ixx">
      <Filter>hu</Filter>
    </ClCompile>
    <ClCompile Include="hu\pattern\INoCopy.ixx">
      <Filter>hu\pattern</Filter>
    </ClCompile>
    <ClCompile Include="hu\log\Log.ixx">
      <Filter>hu\log</Filter>
    </ClCompile>
    <ClCompile Include="hu\log\AsyncLogWriterBase.ixx">
      <Filter>hu\log</Filter>
    </ClCompile>
    <ClCompile Include="hu\container\AutoQueueBase.ixx">
      <Filter>hu\container</Filter>
    </ClCompile>
    <ClCompile Include="hu\serial\Serializer.ixx">
      <Filter>hu\serial</Filter>
    </ClCompile>
    <ClCompile Include="hu\net\impl\asio\AsioRunner.ixx">
      <Filter>hu\net\impl\asio</Filter>
    </ClCompile>
    <ClCompile Include="hu\net\impl\asio\AsioType.ixx">
      <Filter>hu\net\impl\asio</Filter>
    </ClCompile>
    <ClCompile Include="hu\container\impl\LockFreeAutoQueue.ixx">
      <Filter>hu\container\impl</Filter>
    </ClCompile>
    <ClCompile Include="hu\container\impl\MpscAutoQueue.ixx">
      <Filter>hu\container\impl</Filter>
    </ClCompile>
    <ClCompile Include="hu\log\impl\ConsoleLogWriter.ixx">
      <Filter>hu\log\impl</Filter>
    </ClCompile>
    <ClCompile Include="hu\log\impl\FileLogWriter.ixx">
      <Filter>hu\log\impl</Filter>
    </ClCompile>
    <ClCompile Include="hu\serial\impl\YasSerializer.ixx">
      <Filter>hu\serial\impl</Filter>
    </ClCompile>
    <ClCompile Include="hu\net\Message.ixx">
      <Filter>hu\net</Filter>
    </ClCompile>
    <ClCompile Include="hu\net\NetType.ixx">
      <Filter>hu\net</Filter>
    </ClCompile>
    <ClCompile Include="hu\net\impl\asio\AsioConnection.ixx">
      <Filter>hu\net\impl\asio</Filter>
    </ClCompile>
    <ClCompile Include="hu\log\LogType.ixx">
      <Filter>hu\log</Filter>
    </ClCompile>
    <ClCompile Include="hu\net\impl\asio\AsioServer.ixx">
      <Filter>hu\net\impl\asio</Filter>
    </ClCompile>
    <ClCompile Include="hu\net\impl\asio\AsioClient.ixx">
      <Filter>hu\net\impl\asio</Filter>
    </ClCompile>
    <ClCompile Include="hu\test\echo\EchoClient.ixx">
      <Filter>hu\test\echo</Filter>
    </ClCompile>
    <ClCompile Include="hu\test\echo\EchoServer.ixx">
      <Filter>hu\test\echo</Filter>
    </ClCompile>
    <ClCompile Include="hu\test\echo\EchoType.ixx">
      <Filter>hu\test\echo</Filter>
    </ClCompile>
    <ClCompile Include="hu\rand\Random.ixx">
      <Filter>hu\rand</Filter>
    </ClCompile>
    <ClCompile Include="hu\crypt\Crypt.ixx">
      <Filter>hu\crypt</Filter>
    </ClCompile>
    <ClCompile Include="hu\crypt\CryptType.ixx">
      <Filter>hu\crypt</Filter>
    </ClCompile>
    <ClCompile Include="hu\crypt\impl\BotanPkCrypt.ixx">
      <Filter>hu\crypt\impl</Filter>
    </ClCompile>
    <ClCompile Include="hu\test\chat\ChatClient.ixx">
      <Filter>hu\test\chat</Filter>
    </ClCompile>
    <ClCompile Include="hu\test\chat\ChatServer.ixx">
      <Filter>hu\test\chat</Filter>
    </ClCompile>
    <ClCompile Include="hu\test\chat\ChatType.ixx">
      <Filter>hu\test\chat</Filter>
    </ClCompile>
    <ClCompile Include="hu\container\MapBase.ixx">
      <Filter>hu\container</Filter>
    </ClCompile>
    <ClCompile Include="hu\container\LockFreeQueue.ixx">
      <Filter>hu\container</Filter>
    </ClCompile>
    <ClCompile Include="hu\db\local\impl\RocksDB.ixx">
      <Filter>hu\db\local\impl</Filter>
    </ClCompile>
    <ClCompile Include="hu\test\impl\TestAutoQueue.ixx">
      <Filter>hu\test\impl</Filter>
    </ClCompile>
    <ClCompile Include="hu\test\impl\TestConsole.ixx">
      <Filter>hu\test\impl</Filter>
    </ClCompile>
    <ClCompile Include="hu\test\impl\TestCrypt.ixx">
      <Filter>hu\test\impl</Filter>
    </ClCompile>
    <ClCompile Include="hu\test\impl\TestExpression.ixx">
      <Filter>hu\test\impl</Filter>
    </ClCompile>
    <ClCompile Include="hu\test\impl\TestLocalDB.ixx">
      <Filter>hu\test\impl</Filter>
    </ClCompile>
    <ClCompile Include="hu\test\impl\TestLog.ixx">
      <Filter>hu\test\impl</Filter>
    </ClCompile>
    <ClCompile Include="hu\test\impl\TestRandom.ixx">
      <Filter>hu\test\impl</Filter>
    </ClCompile>
    <ClCompile Include="hu\test\impl\TestSerial.ixx">
      <Filter>hu\test\impl</Filter>
    </ClCompile>
    <ClCompile Include="hu\test\impl\TestSingleton.ixx">
      <Filter>hu\test\impl</Filter>
    </ClCompile>
    <ClCompile Include="hu\test\impl\TestUtil.ixx">
      <Filter>hu\test\impl</Filter>
    </ClCompile>
    <ClCompile Include="hu\test\impl\TestTemp.ixx">
      <Filter>hu\test\impl</Filter>
    </ClCompile>
    <ClCompile Include="hu\test\TestType.ixx">
      <Filter>hu\test</Filter>
    </ClCompile>
    <ClCompile Include="hu\amqp\AMQP.ixx">
      <Filter>hu\amqp</Filter>
    </ClCompile>
    <ClCompile Include="hu\amqp\AMQPType.ixx">
      <Filter>hu\amqp</Filter>
    </ClCompile>
    <ClCompile Include="hu\amqp\impl\AMQPCpp.ixx">
      <Filter>hu\amqp\impl</Filter>
    </ClCompile>
    <ClCompile Include="hu\test\impl\TestAMQP.ixx">
      <Filter>hu\test\impl</Filter>
    </ClCompile>
    <ClCompile Include="hu\net\client\Client.ixx">
      <Filter>hu\net\client</Filter>
    </ClCompile>
    <ClCompile Include="hu\net\client\ClientBase.ixx">
      <Filter>hu\net\client</Filter>
    </ClCompile>
    <ClCompile Include="hu\net\client\ClientConfig.ixx">
      <Filter>hu\net\client</Filter>
    </ClCompile>
    <ClCompile Include="hu\net\header\Header.ixx">
      <Filter>hu\net\header</Filter>
    </ClCompile>
    <ClCompile Include="hu\net\header\HeaderBase.ixx">
      <Filter>hu\net\header</Filter>
    </ClCompile>
    <ClCompile Include="hu\net\header\HeaderInfo.ixx">
      <Filter>hu\net\header</Filter>
    </ClCompile>
    <ClCompile Include="hu\net\connection\ConnectionBase.ixx">
      <Filter>hu\net\connection</Filter>
    </ClCompile>
    <ClCompile Include="hu\net\connection\ConnectionConfig.ixx">
      <Filter>hu\net\connection</Filter>
    </ClCompile>
    <ClCompile Include="hu\net\connection\ConnectionManager.ixx">
      <Filter>hu\net\connection</Filter>
    </ClCompile>
    <ClCompile Include="hu\net\server\Server.ixx">
      <Filter>hu\net\server</Filter>
    </ClCompile>
    <ClCompile Include="hu\net\server\ServerBase.ixx">
      <Filter>hu\net\server</Filter>
    </ClCompile>
    <ClCompile Include="hu\net\server\ServerConfig.ixx">
      <Filter>hu\net\server</Filter>
    </ClCompile>
    <ClCompile Include="hu\test\stress\StressClient.ixx">
      <Filter>hu\test\stress</Filter>
    </ClCompile>
    <ClCompile Include="hu\test\stress\StressServer.ixx">
      <Filter>hu\test\stress</Filter>
    </ClCompile>
    <ClCompile Include="hu\test\stress\StressType.ixx">
      <Filter>hu\test\stress</Filter>
    </ClCompile>
    <ClCompile Include="hu\system\System.ixx">
      <Filter>hu\system</Filter>
    </ClCompile>
    <ClCompile Include="hu\system\impl\WinSystem.ixx">
      <Filter>hu\system\impl</Filter>
    </ClCompile>
    <ClCompile Include="hu\system\SystemType.ixx">
      <Filter>hu\system</Filter>
    </ClCompile>
    <ClCompile Include="hu\test\impl\TestSystem.ixx">
      <Filter>hu\test\impl</Filter>
    </ClCompile>
    <ClCompile Include="hu\db\nosql\NoSQLDB.ixx">
      <Filter>hu\db\nosql</Filter>
    </ClCompile>
    <ClCompile Include="hu\db\nosql\NoSQLDBType.ixx">
      <Filter>hu\db\nosql</Filter>
    </ClCompile>
    <ClCompile Include="hu\db\nosql\impl\MongoDB.ixx">
      <Filter>hu\db\nosql\impl</Filter>
    </ClCompile>
    <ClCompile Include="hu\test\impl\TestNoSQLDB.ixx">
      <Filter>hu\test\impl</Filter>
    </ClCompile>
    <ClCompile Include="..\_external\vcpkg-master\installed\x64-windows\include\yas\detail\io\header.cpp">
      <Filter>_external\yas\detail\io</Filter>
    </ClCompile>
    <ClCompile Include="hu\db\rdb\impl\MySQL.ixx">
      <Filter>hu\db\rdb\impl</Filter>
    </ClCompile>
    <ClCompile Include="hu\test\impl\TestRDB.ixx">
      <Filter>hu\test\impl</Filter>
    </ClCompile>
    <ClCompile Include="hu\test\game\GameClient.ixx">
      <Filter>hu\test\game</Filter>
    </ClCompile>
    <ClCompile Include="hu\test\game\GameServer.ixx">
      <Filter>hu\test\game</Filter>
    </ClCompile>
    <ClCompile Include="hu\test\game\GameType.ixx">
      <Filter>hu\test\game</Filter>
    </ClCompile>
    <ClCompile Include="hu\db\DB.ixx">
      <Filter>hu\db</Filter>
    </ClCompile>
    <ClCompile Include="hu\db\DBType.ixx">
      <Filter>hu\db</Filter>
    </ClCompile>
  </ItemGroup>
  <ItemGroup>
    <ClInclude Include="hu\serial\SerialMacro.hpp">
      <Filter>hu\serial</Filter>
    </ClInclude>
    <ClInclude Include="hu\log\LogMacro.hpp">
      <Filter>hu\log</Filter>
    </ClInclude>
    <ClInclude Include="hu\TypeMacro.hpp">
      <Filter>hu</Filter>
    </ClInclude>
    <ClInclude Include="hu\Core.hpp">
      <Filter>hu</Filter>
    </ClInclude>
    <ClInclude Include="hu\Type.hpp">
      <Filter>hu</Filter>
    </ClInclude>
    <ClInclude Include="hu\log\Log.hpp">
      <Filter>hu\log</Filter>
    </ClInclude>
    <ClInclude Include="hu\crypt\Crypt.hpp">
      <Filter>hu\crypt</Filter>
    </ClInclude>
    <ClInclude Include="hu\net\client\Client.hpp">
      <Filter>hu\net\client</Filter>
    </ClInclude>
    <ClInclude Include="hu\net\server\Server.hpp">
      <Filter>hu\net\server</Filter>
    </ClInclude>
    <ClInclude Include="hu\system\impl\WinSystem.hpp">
      <Filter>hu\system\impl</Filter>
    </ClInclude>
    <ClInclude Include="hu\db\nosql\NoSQLDB.hpp">
      <Filter>hu\db\nosql</Filter>
    </ClInclude>
    <ClInclude Include="hu\db\DB.hpp">
      <Filter>hu\db</Filter>
    </ClInclude>
  </ItemGroup>
  <ItemGroup>
    <Text Include="..\_doc\vcpkg 설치.txt">
      <Filter>_doc</Filter>
    </Text>
    <Text Include="..\_doc\Visual Studio 프로젝트 설정.txt">
      <Filter>_doc</Filter>
    </Text>
  </ItemGroup>
</Project>